{
    "name": "@ngxux/common",
    "version": "0.0.10",
    "lockfileVersion": 1,
    "requires": true,
    "dependencies": {
        "ngx-toastr": {
            "version": "9.1.2",
            "resolved": "https://registry.npmjs.org/ngx-toastr/-/ngx-toastr-9.1.2.tgz",
            "integrity": "sha512-XhK3xA73ueF+YZawtqKs6+FQ1OMdx+EzCPihNTMSSXDthglfcgzDzia/OMSGjhx0h7/AK4N/BAbFau9L5RqVDg==",
            "requires": {
                "tslib": "^1.9.0"
            }
        },
        "rxjs-compat": {
            "version": "6.4.0",
            "resolved": "https://registry.npmjs.org/rxjs-compat/-/rxjs-compat-6.4.0.tgz",
            "integrity": "sha512-eo/O8RS83hJdJukCtA+IF6qnqa8FPOuVo+OPCzgVi+dbTle9KCdNv97IcQO0WwNVik7DJLKmf0F8uwzc0q40vw=="
        },
        "tslib": {
            "version": "1.9.3",
            "resolved": "https://registry.npmjs.org/tslib/-/tslib-1.9.3.tgz",
            "integrity": "sha512-4krF8scpejhaOgqzBEcGM7yDIEfi0/8+8zDRZhNZZ2kjmHJ4hv3zCbQWxoJGz1iw5U0Jl0nma13xzHXcncMavQ=="
        }
    }
}
